
Microsoft Visual Studio Solution File, Format Version 12.00
# Visual Studio 15
VisualStudioVersion = 15.0.27130.0
MinimumVisualStudioVersion = 10.0.40219.1
Project("{FAE04EC0-301F-11D3-BF4B-00C04F79EFBC}") = "Sibala-Taichung", "Sibala-Taichung\Sibala-Taichung.csproj", "{753C97BF-F62D-44D2-BE9E-E5BDAB679D64}"
EndProject
Global
	GlobalSection(SolutionConfigurationPlatforms) = preSolution
		Debug|Any CPU = Debug|Any CPU
		Release|Any CPU = Release|Any CPU
	EndGlobalSection
	GlobalSection(ProjectConfigurationPlatforms) = postSolution
		{753C97BF-F62D-44D2-BE9E-E5BDAB679D64}.Debug|Any CPU.ActiveCfg = Debug|Any CPU
		{753C97BF-F62D-44D2-BE9E-E5BDAB679D64}.Debug|Any CPU.Build.0 = Debug|Any CPU
		{753C97BF-F62D-44D2-BE9E-E5BDAB679D64}.Release|Any CPU.ActiveCfg = Release|Any CPU
		{753C97BF-F62D-44D2-BE9E-E5BDAB679D64}.Release|Any CPU.Build.0 = Release|Any CPU
	EndGlobalSection
	GlobalSection(SolutionProperties) = preSolution
		HideSolutionNode = FALSE
	EndGlobalSection
	GlobalSection(ExtensibilityGlobals) = postSolution
		SolutionGuid = {7529D18C-89E5-497C-AF8D-11C599AD6CBC}
	EndGlobalSection
EndGlobal
